
Microsoft Visual Studio Solution File, Format Version 12.00
# Visual Studio Version 16
VisualStudioVersion = 16.0.28803.352
MinimumVisualStudioVersion = 10.0.40219.1
Project("{FAE04EC0-301F-11D3-BF4B-00C04F79EFBC}") = "Utils", "Utils\Utils.csproj", "{2CDB98EE-4307-42F7-BBAC-72D321D3B1DA}"
EndProject
Project("{FAE04EC0-301F-11D3-BF4B-00C04F79EFBC}") = "Utils.Tests", "Utils.Tests\Utils.Tests.csproj", "{30F83CE1-2FDE-4007-9C6E-62C9F863B21D}"
EndProject
Global
	GlobalSection(SolutionConfigurationPlatforms) = preSolution
		Debug|Any CPU = Debug|Any CPU
		Release|Any CPU = Release|Any CPU
	EndGlobalSection
	GlobalSection(ProjectConfigurationPlatforms) = postSolution
		{2CDB98EE-4307-42F7-BBAC-72D321D3B1DA}.Debug|Any CPU.ActiveCfg = Debug|Any CPU
		{2CDB98EE-4307-42F7-BBAC-72D321D3B1DA}.Debug|Any CPU.Build.0 = Debug|Any CPU
		{2CDB98EE-4307-42F7-BBAC-72D321D3B1DA}.Release|Any CPU.ActiveCfg = Release|Any CPU
		{2CDB98EE-4307-42F7-BBAC-72D321D3B1DA}.Release|Any CPU.Build.0 = Release|Any CPU
		{30F83CE1-2FDE-4007-9C6E-62C9F863B21D}.Debug|Any CPU.ActiveCfg = Debug|Any CPU
		{30F83CE1-2FDE-4007-9C6E-62C9F863B21D}.Debug|Any CPU.Build.0 = Debug|Any CPU
		{30F83CE1-2FDE-4007-9C6E-62C9F863B21D}.Release|Any CPU.ActiveCfg = Release|Any CPU
		{30F83CE1-2FDE-4007-9C6E-62C9F863B21D}.Release|Any CPU.Build.0 = Release|Any CPU
	EndGlobalSection
	GlobalSection(SolutionProperties) = preSolution
		HideSolutionNode = FALSE
	EndGlobalSection
	GlobalSection(ExtensibilityGlobals) = postSolution
		SolutionGuid = {F6172155-5C70-420E-9B8F-042CC0C0D7FF}
	EndGlobalSection
EndGlobal
